// !$*UTF8*$!
{
	archiveVersion = 1;
	classes = {
	};
	objectVersion = 55;
	objects = {

/* Begin PBXBuildFile section */
		7F3C3AA628B49A8F00F66A6C /* MainModuleContract.swift in Sources */ = {isa = PBXBuildFile; fileRef = 7F3C3AA128B49A8F00F66A6C /* MainModuleContract.swift */; };
		7F3C3AA728B49A8F00F66A6C /* MainModulePresenter.swift in Sources */ = {isa = PBXBuildFile; fileRef = 7F3C3AA228B49A8F00F66A6C /* MainModulePresenter.swift */; };
		7F3C3AA828B49A8F00F66A6C /* MainModuleRouter.swift in Sources */ = {isa = PBXBuildFile; fileRef = 7F3C3AA328B49A8F00F66A6C /* MainModuleRouter.swift */; };
		7F3C3AAA28B49A8F00F66A6C /* MainModuleInteractor.swift in Sources */ = {isa = PBXBuildFile; fileRef = 7F3C3AA528B49A8F00F66A6C /* MainModuleInteractor.swift */; };
		7F3C3AAE28B4A02400F66A6C /* APIManager.swift in Sources */ = {isa = PBXBuildFile; fileRef = 7F3C3AAD28B4A02400F66A6C /* APIManager.swift */; };
		7F3C3AB028B4A12A00F66A6C /* APIClient.swift in Sources */ = {isa = PBXBuildFile; fileRef = 7F3C3AAF28B4A12A00F66A6C /* APIClient.swift */; };
		7F3C3AB328B4A48200F66A6C /* Alamofire in Frameworks */ = {isa = PBXBuildFile; productRef = 7F3C3AB228B4A48200F66A6C /* Alamofire */; };
		7F3C3AB628B4A62500F66A6C /* ObjectMapper in Frameworks */ = {isa = PBXBuildFile; productRef = 7F3C3AB528B4A62500F66A6C /* ObjectMapper */; };
		7F3C3AB928B7614200F66A6C /* Character.swift in Sources */ = {isa = PBXBuildFile; fileRef = 7F3C3AB828B7614200F66A6C /* Character.swift */; };
		7F43FD3E28AB3788000F0CCB /* AppDelegate.swift in Sources */ = {isa = PBXBuildFile; fileRef = 7F43FD3D28AB3788000F0CCB /* AppDelegate.swift */; };
		7F43FD4028AB3788000F0CCB /* SceneDelegate.swift in Sources */ = {isa = PBXBuildFile; fileRef = 7F43FD3F28AB3788000F0CCB /* SceneDelegate.swift */; };
		7F43FD4228AB3788000F0CCB /* ViewController.swift in Sources */ = {isa = PBXBuildFile; fileRef = 7F43FD4128AB3788000F0CCB /* ViewController.swift */; };
		7F43FD4828AB3788000F0CCB /* RickMortyApi.xcdatamodeld in Sources */ = {isa = PBXBuildFile; fileRef = 7F43FD4628AB3788000F0CCB /* RickMortyApi.xcdatamodeld */; };
		7F43FD4A28AB3788000F0CCB /* Assets.xcassets in Resources */ = {isa = PBXBuildFile; fileRef = 7F43FD4928AB3788000F0CCB /* Assets.xcassets */; };
		7F43FD4D28AB3788000F0CCB /* LaunchScreen.storyboard in Resources */ = {isa = PBXBuildFile; fileRef = 7F43FD4B28AB3788000F0CCB /* LaunchScreen.storyboard */; };
		7F43FD5528ACB3CB000F0CCB /* SubclassedCollectionViewCell.swift in Sources */ = {isa = PBXBuildFile; fileRef = 7F43FD5428ACB3CB000F0CCB /* SubclassedCollectionViewCell.swift */; };
		7FB76E7D28BA5EAA00CC9045 /* ResponseCharacters.swift in Sources */ = {isa = PBXBuildFile; fileRef = 7FB76E7C28BA5EAA00CC9045 /* ResponseCharacters.swift */; };
		7FB76E7F28BD8FDE00CC9045 /* Episode.swift in Sources */ = {isa = PBXBuildFile; fileRef = 7FB76E7E28BD8FDE00CC9045 /* Episode.swift */; };
		7FB76E8128BDBC0F00CC9045 /* NetworkUtility.swift in Sources */ = {isa = PBXBuildFile; fileRef = 7FB76E8028BDBC0F00CC9045 /* NetworkUtility.swift */; };
/* End PBXBuildFile section */

/* Begin PBXFileReference section */
		7F3C3AA128B49A8F00F66A6C /* MainModuleContract.swift */ = {isa = PBXFileReference; lastKnownFileType = sourcecode.swift; path = MainModuleContract.swift; sourceTree = "<group>"; };
		7F3C3AA228B49A8F00F66A6C /* MainModulePresenter.swift */ = {isa = PBXFileReference; lastKnownFileType = sourcecode.swift; path = MainModulePresenter.swift; sourceTree = "<group>"; };
		7F3C3AA328B49A8F00F66A6C /* MainModuleRouter.swift */ = {isa = PBXFileReference; lastKnownFileType = sourcecode.swift; path = MainModuleRouter.swift; sourceTree = "<group>"; };
		7F3C3AA528B49A8F00F66A6C /* MainModuleInteractor.swift */ = {isa = PBXFileReference; lastKnownFileType = sourcecode.swift; path = MainModuleInteractor.swift; sourceTree = "<group>"; };
		7F3C3AAD28B4A02400F66A6C /* APIManager.swift */ = {isa = PBXFileReference; lastKnownFileType = sourcecode.swift; path = APIManager.swift; sourceTree = "<group>"; };
		7F3C3AAF28B4A12A00F66A6C /* APIClient.swift */ = {isa = PBXFileReference; lastKnownFileType = sourcecode.swift; path = APIClient.swift; sourceTree = "<group>"; };
		7F3C3AB828B7614200F66A6C /* Character.swift */ = {isa = PBXFileReference; lastKnownFileType = sourcecode.swift; path = Character.swift; sourceTree = "<group>"; };
		7F43FD3A28AB3788000F0CCB /* RickMortyApi.app */ = {isa = PBXFileReference; explicitFileType = wrapper.application; includeInIndex = 0; path = RickMortyApi.app; sourceTree = BUILT_PRODUCTS_DIR; };
		7F43FD3D28AB3788000F0CCB /* AppDelegate.swift */ = {isa = PBXFileReference; lastKnownFileType = sourcecode.swift; path = AppDelegate.swift; sourceTree = "<group>"; };
		7F43FD3F28AB3788000F0CCB /* SceneDelegate.swift */ = {isa = PBXFileReference; lastKnownFileType = sourcecode.swift; path = SceneDelegate.swift; sourceTree = "<group>"; };
		7F43FD4128AB3788000F0CCB /* ViewController.swift */ = {isa = PBXFileReference; lastKnownFileType = sourcecode.swift; path = ViewController.swift; sourceTree = "<group>"; };
		7F43FD4728AB3788000F0CCB /* RickMortyApi.xcdatamodel */ = {isa = PBXFileReference; lastKnownFileType = wrapper.xcdatamodel; path = RickMortyApi.xcdatamodel; sourceTree = "<group>"; };
		7F43FD4928AB3788000F0CCB /* Assets.xcassets */ = {isa = PBXFileReference; lastKnownFileType = folder.assetcatalog; path = Assets.xcassets; sourceTree = "<group>"; };
		7F43FD4C28AB3788000F0CCB /* Base */ = {isa = PBXFileReference; lastKnownFileType = file.storyboard; name = Base; path = Base.lproj/LaunchScreen.storyboard; sourceTree = "<group>"; };
		7F43FD4E28AB3788000F0CCB /* Info.plist */ = {isa = PBXFileReference; lastKnownFileType = text.plist.xml; path = Info.plist; sourceTree = "<group>"; };
		7F43FD5428ACB3CB000F0CCB /* SubclassedCollectionViewCell.swift */ = {isa = PBXFileReference; lastKnownFileType = sourcecode.swift; path = SubclassedCollectionViewCell.swift; sourceTree = "<group>"; };
		7FB76E7C28BA5EAA00CC9045 /* ResponseCharacters.swift */ = {isa = PBXFileReference; lastKnownFileType = sourcecode.swift; path = ResponseCharacters.swift; sourceTree = "<group>"; };
		7FB76E7E28BD8FDE00CC9045 /* Episode.swift */ = {isa = PBXFileReference; lastKnownFileType = sourcecode.swift; path = Episode.swift; sourceTree = "<group>"; };
		7FB76E8028BDBC0F00CC9045 /* NetworkUtility.swift */ = {isa = PBXFileReference; lastKnownFileType = sourcecode.swift; path = NetworkUtility.swift; sourceTree = "<group>"; };
/* End PBXFileReference section */

/* Begin PBXFrameworksBuildPhase section */
		7F43FD3728AB3788000F0CCB /* Frameworks */ = {
			isa = PBXFrameworksBuildPhase;
			buildActionMask = 2147483647;
			files = (
				7F3C3AB628B4A62500F66A6C /* ObjectMapper in Frameworks */,
				7F3C3AB328B4A48200F66A6C /* Alamofire in Frameworks */,
			);
			runOnlyForDeploymentPostprocessing = 0;
		};
/* End PBXFrameworksBuildPhase section */

/* Begin PBXGroup section */
		7F3C3A9328B49A1700F66A6C /* Modules */ = {
			isa = PBXGroup;
			children = (
				7F3C3A9428B49A2000F66A6C /* Main */,
			);
			path = Modules;
			sourceTree = "<group>";
		};
		7F3C3A9428B49A2000F66A6C /* Main */ = {
			isa = PBXGroup;
			children = (
				7F43FD4128AB3788000F0CCB /* ViewController.swift */,
				7F43FD5428ACB3CB000F0CCB /* SubclassedCollectionViewCell.swift */,
				7F3C3AA128B49A8F00F66A6C /* MainModuleContract.swift */,
				7F3C3AA228B49A8F00F66A6C /* MainModulePresenter.swift */,
				7F3C3AA328B49A8F00F66A6C /* MainModuleRouter.swift */,
				7F3C3AA528B49A8F00F66A6C /* MainModuleInteractor.swift */,
			);
			path = Main;
			sourceTree = "<group>";
		};
		7F3C3AAC28B4A00F00F66A6C /* Managers */ = {
			isa = PBXGroup;
			children = (
				7F3C3AAD28B4A02400F66A6C /* APIManager.swift */,
				7F3C3AAF28B4A12A00F66A6C /* APIClient.swift */,
				7FB76E8028BDBC0F00CC9045 /* NetworkUtility.swift */,
			);
			path = Managers;
			sourceTree = "<group>";
		};
		7F3C3AB728B7612F00F66A6C /* Entity */ = {
			isa = PBXGroup;
			children = (
				7F3C3AB828B7614200F66A6C /* Character.swift */,
				7FB76E7C28BA5EAA00CC9045 /* ResponseCharacters.swift */,
				7FB76E7E28BD8FDE00CC9045 /* Episode.swift */,
			);
			path = Entity;
			sourceTree = "<group>";
		};
		7F43FD3128AB3788000F0CCB = {
			isa = PBXGroup;
			children = (
				7F43FD3C28AB3788000F0CCB /* RickMortyApi */,
				7F43FD3B28AB3788000F0CCB /* Products */,
			);
			sourceTree = "<group>";
		};
		7F43FD3B28AB3788000F0CCB /* Products */ = {
			isa = PBXGroup;
			children = (
				7F43FD3A28AB3788000F0CCB /* RickMortyApi.app */,
			);
			name = Products;
			sourceTree = "<group>";
		};
		7F43FD3C28AB3788000F0CCB /* RickMortyApi */ = {
			isa = PBXGroup;
			children = (
				7F3C3AB728B7612F00F66A6C /* Entity */,
				7F3C3AAC28B4A00F00F66A6C /* Managers */,
				7F3C3A9328B49A1700F66A6C /* Modules */,
				7F43FD3D28AB3788000F0CCB /* AppDelegate.swift */,
				7F43FD3F28AB3788000F0CCB /* SceneDelegate.swift */,
				7F43FD4928AB3788000F0CCB /* Assets.xcassets */,
				7F43FD4B28AB3788000F0CCB /* LaunchScreen.storyboard */,
				7F43FD4E28AB3788000F0CCB /* Info.plist */,
				7F43FD4628AB3788000F0CCB /* RickMortyApi.xcdatamodeld */,
			);
			path = RickMortyApi;
			sourceTree = "<group>";
		};
/* End PBXGroup section */

/* Begin PBXNativeTarget section */
		7F43FD3928AB3788000F0CCB /* RickMortyApi */ = {
			isa = PBXNativeTarget;
			buildConfigurationList = 7F43FD5128AB3788000F0CCB /* Build configuration list for PBXNativeTarget "RickMortyApi" */;
			buildPhases = (
				7F43FD3628AB3788000F0CCB /* Sources */,
				7F43FD3728AB3788000F0CCB /* Frameworks */,
				7F43FD3828AB3788000F0CCB /* Resources */,
			);
			buildRules = (
			);
			dependencies = (
			);
			name = RickMortyApi;
			packageProductDependencies = (
				7F3C3AB228B4A48200F66A6C /* Alamofire */,
				7F3C3AB528B4A62500F66A6C /* ObjectMapper */,
			);
			productName = RickMortyApi;
			productReference = 7F43FD3A28AB3788000F0CCB /* RickMortyApi.app */;
			productType = "com.apple.product-type.application";
		};
/* End PBXNativeTarget section */

/* Begin PBXProject section */
		7F43FD3228AB3788000F0CCB /* Project object */ = {
			isa = PBXProject;
			attributes = {
				BuildIndependentTargetsInParallel = 1;
				LastSwiftUpdateCheck = 1340;
				LastUpgradeCheck = 1340;
				TargetAttributes = {
					7F43FD3928AB3788000F0CCB = {
						CreatedOnToolsVersion = 13.4.1;
					};
				};
			};
			buildConfigurationList = 7F43FD3528AB3788000F0CCB /* Build configuration list for PBXProject "RickMortyApi" */;
			compatibilityVersion = "Xcode 13.0";
			developmentRegion = en;
			hasScannedForEncodings = 0;
			knownRegions = (
				en,
				Base,
			);
			mainGroup = 7F43FD3128AB3788000F0CCB;
			packageReferences = (
				7F3C3AB128B4A48200F66A6C /* XCRemoteSwiftPackageReference "Alamofire" */,
				7F3C3AB428B4A62500F66A6C /* XCRemoteSwiftPackageReference "ObjectMapper" */,
			);
			productRefGroup = 7F43FD3B28AB3788000F0CCB /* Products */;
			projectDirPath = "";
			projectRoot = "";
			targets = (
				7F43FD3928AB3788000F0CCB /* RickMortyApi */,
			);
		};
/* End PBXProject section */

/* Begin PBXResourcesBuildPhase section */
		7F43FD3828AB3788000F0CCB /* Resources */ = {
			isa = PBXResourcesBuildPhase;
			buildActionMask = 2147483647;
			files = (
				7F43FD4D28AB3788000F0CCB /* LaunchScreen.storyboard in Resources */,
				7F43FD4A28AB3788000F0CCB /* Assets.xcassets in Resources */,
			);
			runOnlyForDeploymentPostprocessing = 0;
		};
/* End PBXResourcesBuildPhase section */

/* Begin PBXSourcesBuildPhase section */
		7F43FD3628AB3788000F0CCB /* Sources */ = {
			isa = PBXSourcesBuildPhase;
			buildActionMask = 2147483647;
			files = (
				7F3C3AB928B7614200F66A6C /* Character.swift in Sources */,
				7F43FD5528ACB3CB000F0CCB /* SubclassedCollectionViewCell.swift in Sources */,
				7F43FD4228AB3788000F0CCB /* ViewController.swift in Sources */,
				7F3C3AAA28B49A8F00F66A6C /* MainModuleInteractor.swift in Sources */,
				7F3C3AAE28B4A02400F66A6C /* APIManager.swift in Sources */,
				7F3C3AA628B49A8F00F66A6C /* MainModuleContract.swift in Sources */,
				7F43FD3E28AB3788000F0CCB /* AppDelegate.swift in Sources */,
				7F43FD4028AB3788000F0CCB /* SceneDelegate.swift in Sources */,
				7F3C3AA828B49A8F00F66A6C /* MainModuleRouter.swift in Sources */,
				7FB76E7D28BA5EAA00CC9045 /* ResponseCharacters.swift in Sources */,
				7F3C3AA728B49A8F00F66A6C /* MainModulePresenter.swift in Sources */,
				7F43FD4828AB3788000F0CCB /* RickMortyApi.xcdatamodeld in Sources */,
				7FB76E8128BDBC0F00CC9045 /* NetworkUtility.swift in Sources */,
				7FB76E7F28BD8FDE00CC9045 /* Episode.swift in Sources */,
				7F3C3AB028B4A12A00F66A6C /* APIClient.swift in Sources */,
			);
			runOnlyForDeploymentPostprocessing = 0;
		};
/* End PBXSourcesBuildPhase section */

/* Begin PBXVariantGroup section */
		7F43FD4B28AB3788000F0CCB /* LaunchScreen.storyboard */ = {
			isa = PBXVariantGroup;
			children = (
				7F43FD4C28AB3788000F0CCB /* Base */,
			);
			name = LaunchScreen.storyboard;
			sourceTree = "<group>";
		};
/* End PBXVariantGroup section */

/* Begin XCBuildConfiguration section */
		7F43FD4F28AB3788000F0CCB /* Debug */ = {
			isa = XCBuildConfiguration;
			buildSettings = {
				ALWAYS_SEARCH_USER_PATHS = NO;
				CLANG_ANALYZER_NONNULL = YES;
				CLANG_ANALYZER_NUMBER_OBJECT_CONVERSION = YES_AGGRESSIVE;
				CLANG_CXX_LANGUAGE_STANDARD = "gnu++17";
				CLANG_ENABLE_MODULES = YES;
				CLANG_ENABLE_OBJC_ARC = YES;
				CLANG_ENABLE_OBJC_WEAK = YES;
				CLANG_WARN_BLOCK_CAPTURE_AUTORELEASING = YES;
				CLANG_WARN_BOOL_CONVERSION = YES;
				CLANG_WARN_COMMA = YES;
				CLANG_WARN_CONSTANT_CONVERSION = YES;
				CLANG_WARN_DEPRECATED_OBJC_IMPLEMENTATIONS = YES;
				CLANG_WARN_DIRECT_OBJC_ISA_USAGE = YES_ERROR;
				CLANG_WARN_DOCUMENTATION_COMMENTS = YES;
				CLANG_WARN_EMPTY_BODY = YES;
				CLANG_WARN_ENUM_CONVERSION = YES;
				CLANG_WARN_INFINITE_RECURSION = YES;
				CLANG_WARN_INT_CONVERSION = YES;
				CLANG_WARN_NON_LITERAL_NULL_CONVERSION = YES;
				CLANG_WARN_OBJC_IMPLICIT_RETAIN_SELF = YES;
				CLANG_WARN_OBJC_LITERAL_CONVERSION = YES;
				CLANG_WARN_OBJC_ROOT_CLASS = YES_ERROR;
				CLANG_WARN_QUOTED_INCLUDE_IN_FRAMEWORK_HEADER = YES;
				CLANG_WARN_RANGE_LOOP_ANALYSIS = YES;
				CLANG_WARN_STRICT_PROTOTYPES = YES;
				CLANG_WARN_SUSPICIOUS_MOVE = YES;
				CLANG_WARN_UNGUARDED_AVAILABILITY = YES_AGGRESSIVE;
				CLANG_WARN_UNREACHABLE_CODE = YES;
				CLANG_WARN__DUPLICATE_METHOD_MATCH = YES;
				COPY_PHASE_STRIP = NO;
				DEBUG_INFORMATION_FORMAT = dwarf;
				ENABLE_STRICT_OBJC_MSGSEND = YES;
				ENABLE_TESTABILITY = YES;
				GCC_C_LANGUAGE_STANDARD = gnu11;
				GCC_DYNAMIC_NO_PIC = NO;
				GCC_NO_COMMON_BLOCKS = YES;
				GCC_OPTIMIZATION_LEVEL = 0;
				GCC_PREPROCESSOR_DEFINITIONS = (
					"DEBUG=1",
					"$(inherited)",
				);
				GCC_WARN_64_TO_32_BIT_CONVERSION = YES;
				GCC_WARN_ABOUT_RETURN_TYPE = YES_ERROR;
				GCC_WARN_UNDECLARED_SELECTOR = YES;
				GCC_WARN_UNINITIALIZED_AUTOS = YES_AGGRESSIVE;
				GCC_WARN_UNUSED_FUNCTION = YES;
				GCC_WARN_UNUSED_VARIABLE = YES;
				IPHONEOS_DEPLOYMENT_TARGET = 15.5;
				MTL_ENABLE_DEBUG_INFO = INCLUDE_SOURCE;
				MTL_FAST_MATH = YES;
				ONLY_ACTIVE_ARCH = YES;
				SDKROOT = iphoneos;
				SWIFT_ACTIVE_COMPILATION_CONDITIONS = DEBUG;
				SWIFT_OPTIMIZATION_LEVEL = "-Onone";
			};
			name = Debug;
		};
		7F43FD5028AB3788000F0CCB /* Release */ = {
			isa = XCBuildConfiguration;
			buildSettings = {
				ALWAYS_SEARCH_USER_PATHS = NO;
				CLANG_ANALYZER_NONNULL = YES;
				CLANG_ANALYZER_NUMBER_OBJECT_CONVERSION = YES_AGGRESSIVE;
				CLANG_CXX_LANGUAGE_STANDARD = "gnu++17";
				CLANG_ENABLE_MODULES = YES;
				CLANG_ENABLE_OBJC_ARC = YES;
				CLANG_ENABLE_OBJC_WEAK = YES;
				CLANG_WARN_BLOCK_CAPTURE_AUTORELEASING = YES;
				CLANG_WARN_BOOL_CONVERSION = YES;
				CLANG_WARN_COMMA = YES;
				CLANG_WARN_CONSTANT_CONVERSION = YES;
				CLANG_WARN_DEPRECATED_OBJC_IMPLEMENTATIONS = YES;
				CLANG_WARN_DIRECT_OBJC_ISA_USAGE = YES_ERROR;
				CLANG_WARN_DOCUMENTATION_COMMENTS = YES;
				CLANG_WARN_EMPTY_BODY = YES;
				CLANG_WARN_ENUM_CONVERSION = YES;
				CLANG_WARN_INFINITE_RECURSION = YES;
				CLANG_WARN_INT_CONVERSION = YES;
				CLANG_WARN_NON_LITERAL_NULL_CONVERSION = YES;
				CLANG_WARN_OBJC_IMPLICIT_RETAIN_SELF = YES;
				CLANG_WARN_OBJC_LITERAL_CONVERSION = YES;
				CLANG_WARN_OBJC_ROOT_CLASS = YES_ERROR;
				CLANG_WARN_QUOTED_INCLUDE_IN_FRAMEWORK_HEADER = YES;
				CLANG_WARN_RANGE_LOOP_ANALYSIS = YES;
				CLANG_WARN_STRICT_PROTOTYPES = YES;
				CLANG_WARN_SUSPICIOUS_MOVE = YES;
				CLANG_WARN_UNGUARDED_AVAILABILITY = YES_AGGRESSIVE;
				CLANG_WARN_UNREACHABLE_CODE = YES;
				CLANG_WARN__DUPLICATE_METHOD_MATCH = YES;
				COPY_PHASE_STRIP = NO;
				DEBUG_INFORMATION_FORMAT = "dwarf-with-dsym";
				ENABLE_NS_ASSERTIONS = NO;
				ENABLE_STRICT_OBJC_MSGSEND = YES;
				GCC_C_LANGUAGE_STANDARD = gnu11;
				GCC_NO_COMMON_BLOCKS = YES;
				GCC_WARN_64_TO_32_BIT_CONVERSION = YES;
				GCC_WARN_ABOUT_RETURN_TYPE = YES_ERROR;
				GCC_WARN_UNDECLARED_SELECTOR = YES;
				GCC_WARN_UNINITIALIZED_AUTOS = YES_AGGRESSIVE;
				GCC_WARN_UNUSED_FUNCTION = YES;
				GCC_WARN_UNUSED_VARIABLE = YES;
				IPHONEOS_DEPLOYMENT_TARGET = 15.5;
				MTL_ENABLE_DEBUG_INFO = NO;
				MTL_FAST_MATH = YES;
				SDKROOT = iphoneos;
				SWIFT_COMPILATION_MODE = wholemodule;
				SWIFT_OPTIMIZATION_LEVEL = "-O";
				VALIDATE_PRODUCT = YES;
			};
			name = Release;
		};
		7F43FD5228AB3788000F0CCB /* Debug */ = {
			isa = XCBuildConfiguration;
			buildSettings = {
				ASSETCATALOG_COMPILER_APPICON_NAME = AppIcon;
				ASSETCATALOG_COMPILER_GLOBAL_ACCENT_COLOR_NAME = AccentColor;
				CODE_SIGN_STYLE = Automatic;
				CURRENT_PROJECT_VERSION = 1;
				DEVELOPMENT_TEAM = 4UYL73L62L;
				GENERATE_INFOPLIST_FILE = YES;
				INFOPLIST_FILE = RickMortyApi/Info.plist;
				INFOPLIST_KEY_UIApplicationSupportsIndirectInputEvents = YES;
				INFOPLIST_KEY_UILaunchStoryboardName = LaunchScreen;
				INFOPLIST_KEY_UISupportedInterfaceOrientations_iPad = "UIInterfaceOrientationPortrait UIInterfaceOrientationPortraitUpsideDown UIInterfaceOrientationLandscapeLeft UIInterfaceOrientationLandscapeRight";
				INFOPLIST_KEY_UISupportedInterfaceOrientations_iPhone = "UIInterfaceOrientationPortrait UIInterfaceOrientationLandscapeLeft UIInterfaceOrientationLandscapeRight";
				LD_RUNPATH_SEARCH_PATHS = (
					"$(inherited)",
					"@executable_path/Frameworks",
				);
				MARKETING_VERSION = 1.0;
				PRODUCT_BUNDLE_IDENTIFIER = com.sanlegas.rickMortyApi.RickMortyApi;
				PRODUCT_NAME = "$(TARGET_NAME)";
				SWIFT_EMIT_LOC_STRINGS = YES;
				SWIFT_VERSION = 5.0;
				TARGETED_DEVICE_FAMILY = "1,2";
			};
			name = Debug;
		};
		7F43FD5328AB3788000F0CCB /* Release */ = {
			isa = XCBuildConfiguration;
			buildSettings = {
				ASSETCATALOG_COMPILER_APPICON_NAME = AppIcon;
				ASSETCATALOG_COMPILER_GLOBAL_ACCENT_COLOR_NAME = AccentColor;
				CODE_SIGN_STYLE = Automatic;
				CURRENT_PROJECT_VERSION = 1;
				DEVELOPMENT_TEAM = 4UYL73L62L;
				GENERATE_INFOPLIST_FILE = YES;
				INFOPLIST_FILE = RickMortyApi/Info.plist;
				INFOPLIST_KEY_UIApplicationSupportsIndirectInputEvents = YES;
				INFOPLIST_KEY_UILaunchStoryboardName = LaunchScreen;
				INFOPLIST_KEY_UISupportedInterfaceOrientations_iPad = "UIInterfaceOrientationPortrait UIInterfaceOrientationPortraitUpsideDown UIInterfaceOrientationLandscapeLeft UIInterfaceOrientationLandscapeRight";
				INFOPLIST_KEY_UISupportedInterfaceOrientations_iPhone = "UIInterfaceOrientationPortrait UIInterfaceOrientationLandscapeLeft UIInterfaceOrientationLandscapeRight";
				LD_RUNPATH_SEARCH_PATHS = (
					"$(inherited)",
					"@executable_path/Frameworks",
				);
				MARKETING_VERSION = 1.0;
				PRODUCT_BUNDLE_IDENTIFIER = com.sanlegas.rickMortyApi.RickMortyApi;
				PRODUCT_NAME = "$(TARGET_NAME)";
				SWIFT_EMIT_LOC_STRINGS = YES;
				SWIFT_VERSION = 5.0;
				TARGETED_DEVICE_FAMILY = "1,2";
			};
			name = Release;
		};
/* End XCBuildConfiguration section */

/* Begin XCConfigurationList section */
		7F43FD3528AB3788000F0CCB /* Build configuration list for PBXProject "RickMortyApi" */ = {
			isa = XCConfigurationList;
			buildConfigurations = (
				7F43FD4F28AB3788000F0CCB /* Debug */,
				7F43FD5028AB3788000F0CCB /* Release */,
			);
			defaultConfigurationIsVisible = 0;
			defaultConfigurationName = Release;
		};
		7F43FD5128AB3788000F0CCB /* Build configuration list for PBXNativeTarget "RickMortyApi" */ = {
			isa = XCConfigurationList;
			buildConfigurations = (
				7F43FD5228AB3788000F0CCB /* Debug */,
				7F43FD5328AB3788000F0CCB /* Release */,
			);
			defaultConfigurationIsVisible = 0;
			defaultConfigurationName = Release;
		};
/* End XCConfigurationList section */

/* Begin XCRemoteSwiftPackageReference section */
		7F3C3AB128B4A48200F66A6C /* XCRemoteSwiftPackageReference "Alamofire" */ = {
			isa = XCRemoteSwiftPackageReference;
			repositoryURL = "https://github.com/Alamofire/Alamofire.git";
			requirement = {
				kind = upToNextMajorVersion;
				minimumVersion = 5.0.0;
			};
		};
		7F3C3AB428B4A62500F66A6C /* XCRemoteSwiftPackageReference "ObjectMapper" */ = {
			isa = XCRemoteSwiftPackageReference;
			repositoryURL = "https://github.com/tristanhimmelman/ObjectMapper.git";
			requirement = {
				kind = upToNextMajorVersion;
				minimumVersion = 4.0.0;
			};
		};
/* End XCRemoteSwiftPackageReference section */

/* Begin XCSwiftPackageProductDependency section */
		7F3C3AB228B4A48200F66A6C /* Alamofire */ = {
			isa = XCSwiftPackageProductDependency;
			package = 7F3C3AB128B4A48200F66A6C /* XCRemoteSwiftPackageReference "Alamofire" */;
			productName = Alamofire;
		};
		7F3C3AB528B4A62500F66A6C /* ObjectMapper */ = {
			isa = XCSwiftPackageProductDependency;
			package = 7F3C3AB428B4A62500F66A6C /* XCRemoteSwiftPackageReference "ObjectMapper" */;
			productName = ObjectMapper;
		};
/* End XCSwiftPackageProductDependency section */

/* Begin XCVersionGroup section */
		7F43FD4628AB3788000F0CCB /* RickMortyApi.xcdatamodeld */ = {
			isa = XCVersionGroup;
			children = (
				7F43FD4728AB3788000F0CCB /* RickMortyApi.xcdatamodel */,
			);
			currentVersion = 7F43FD4728AB3788000F0CCB /* RickMortyApi.xcdatamodel */;
			path = RickMortyApi.xcdatamodeld;
			sourceTree = "<group>";
			versionGroupType = wrapper.xcdatamodel;
		};
/* End XCVersionGroup section */
	};
	rootObject = 7F43FD3228AB3788000F0CCB /* Project object */;
}
